Microsoft Visual Studio Solution File, Format Version 12.00
# Visual Studio 15
VisualStudioVersion = 15.0.27703.2047
MinimumVisualStudioVersion = 10.0.40219.1
Project("{9A19103F-16F7-4668-BE54-9A1E7A4F7556}") = "SlimBot", "SlimBot\SlimBot.csproj", "{95EEB690-5EB8-4486-8C34-C71269C6841C}"
EndProject
Project("{9A19103F-16F7-4668-BE54-9A1E7A4F7556}") = "SlimBot.xUnit.Tests", "SlimBot.xUnit.Tests\SlimBot.xUnit.Tests.csproj", "{20E30742-DA37-4FC0-9F0D-5CBE49845599}"
EndProject
Global
	GlobalSection(SolutionConfigurationPlatforms) = preSolution
		Debug|Any CPU = Debug|Any CPU
		Debug|x64 = Debug|x64
		Debug|x86 = Debug|x86
		Release|Any CPU = Release|Any CPU
		Release|x64 = Release|x64
		Release|x86 = Release|x86
	EndGlobalSection
	GlobalSection(ProjectConfigurationPlatforms) = postSolution
		{95EEB690-5EB8-4486-8C34-C71269C6841C}.Debug|Any CPU.ActiveCfg = Debug|Any CPU
		{95EEB690-5EB8-4486-8C34-C71269C6841C}.Debug|Any CPU.Build.0 = Debug|Any CPU
		{95EEB690-5EB8-4486-8C34-C71269C6841C}.Debug|x64.ActiveCfg = Debug|Any CPU
		{95EEB690-5EB8-4486-8C34-C71269C6841C}.Debug|x64.Build.0 = Debug|Any CPU
		{95EEB690-5EB8-4486-8C34-C71269C6841C}.Debug|x86.ActiveCfg = Debug|Any CPU
		{95EEB690-5EB8-4486-8C34-C71269C6841C}.Debug|x86.Build.0 = Debug|Any CPU
		{95EEB690-5EB8-4486-8C34-C71269C6841C}.Release|Any CPU.ActiveCfg = Release|Any CPU
		{95EEB690-5EB8-4486-8C34-C71269C6841C}.Release|Any CPU.Build.0 = Release|Any CPU
		{95EEB690-5EB8-4486-8C34-C71269C6841C}.Release|x64.ActiveCfg = Release|Any CPU
		{95EEB690-5EB8-4486-8C34-C71269C6841C}.Release|x64.Build.0 = Release|Any CPU
		{95EEB690-5EB8-4486-8C34-C71269C6841C}.Release|x86.ActiveCfg = Release|Any CPU
		{95EEB690-5EB8-4486-8C34-C71269C6841C}.Release|x86.Build.0 = Release|Any CPU
		{20E30742-DA37-4FC0-9F0D-5CBE49845599}.Debug|Any CPU.ActiveCfg = Debug|Any CPU
		{20E30742-DA37-4FC0-9F0D-5CBE49845599}.Debug|Any CPU.Build.0 = Debug|Any CPU
		{20E30742-DA37-4FC0-9F0D-5CBE49845599}.Debug|x64.ActiveCfg = Debug|Any CPU
		{20E30742-DA37-4FC0-9F0D-5CBE49845599}.Debug|x64.Build.0 = Debug|Any CPU
		{20E30742-DA37-4FC0-9F0D-5CBE49845599}.Debug|x86.ActiveCfg = Debug|Any CPU
		{20E30742-DA37-4FC0-9F0D-5CBE49845599}.Debug|x86.Build.0 = Debug|Any CPU
		{20E30742-DA37-4FC0-9F0D-5CBE49845599}.Release|Any CPU.ActiveCfg = Release|Any CPU
		{20E30742-DA37-4FC0-9F0D-5CBE49845599}.Release|Any CPU.Build.0 = Release|Any CPU
		{20E30742-DA37-4FC0-9F0D-5CBE49845599}.Release|x64.ActiveCfg = Release|Any CPU
		{20E30742-DA37-4FC0-9F0D-5CBE49845599}.Release|x64.Build.0 = Release|Any CPU
		{20E30742-DA37-4FC0-9F0D-5CBE49845599}.Release|x86.ActiveCfg = Release|Any CPU
		{20E30742-DA37-4FC0-9F0D-5CBE49845599}.Release|x86.Build.0 = Release|Any CPU
	EndGlobalSection
	GlobalSection(SolutionProperties) = preSolution
		HideSolutionNode = FALSE
	EndGlobalSection
	GlobalSection(ExtensibilityGlobals) = postSolution
		SolutionGuid = {6AED2FB0-C9FE-4F69-82E6-6EEC18A1D34B}
	EndGlobalSection
EndGlobal
