
Microsoft Visual Studio Solution File, Format Version 12.00
# Visual Studio 15
VisualStudioVersion = 15.0.27703.2047
MinimumVisualStudioVersion = 10.0.40219.1
Project("{FAE04EC0-301F-11D3-BF4B-00C04F79EFBC}") = "SlimBot", "SlimBot\SlimBot.csproj", "{95EEB690-5EB8-4486-8C34-C71269C6841C}"
EndProject
Global
	GlobalSection(SolutionConfigurationPlatforms) = preSolution
		Debug|Any CPU = Debug|Any CPU
		Release|Any CPU = Release|Any CPU
	EndGlobalSection
	GlobalSection(ProjectConfigurationPlatforms) = postSolution
		{95EEB690-5EB8-4486-8C34-C71269C6841C}.Debug|Any CPU.ActiveCfg = Debug|Any CPU
		{95EEB690-5EB8-4486-8C34-C71269C6841C}.Debug|Any CPU.Build.0 = Debug|Any CPU
		{95EEB690-5EB8-4486-8C34-C71269C6841C}.Release|Any CPU.ActiveCfg = Release|Any CPU
		{95EEB690-5EB8-4486-8C34-C71269C6841C}.Release|Any CPU.Build.0 = Release|Any CPU
	EndGlobalSection
	GlobalSection(SolutionProperties) = preSolution
		HideSolutionNode = FALSE
	EndGlobalSection
	GlobalSection(ExtensibilityGlobals) = postSolution
		SolutionGuid = {6AED2FB0-C9FE-4F69-82E6-6EEC18A1D34B}
	EndGlobalSection
EndGlobal
